{
  "name": "@neomasterr/component-element",
  "version": "1.0.7",
  "lockfileVersion": 2,
  "requires": true,
  "packages": {
    "": {
      "name": "@neomasterr/component-element",
      "version": "1.0.7",
      "license": "MIT",
      "dependencies": {
        "@neomasterr/event-emitter": "^1.1.4"
      }
    },
    "node_modules/@neomasterr/event-emitter": {
      "version": "1.2.0",
      "resolved": "https://registry.npmjs.org/@neomasterr/event-emitter/-/event-emitter-1.2.0.tgz",
      "integrity": "sha512-VCjyfd6sUhNp6P2SVrHOmfveqAkfgcWK81QS9013WeL63/evUih/wHsQSY6Lec0krw+iuv57v6wDAQxA61poVw==",
      "license": "MIT"
    }
  },
  "dependencies": {
    "@neomasterr/event-emitter": {
      "version": "1.2.0",
      "resolved": "https://registry.npmjs.org/@neomasterr/event-emitter/-/event-emitter-1.2.0.tgz",
      "integrity": "sha512-VCjyfd6sUhNp6P2SVrHOmfveqAkfgcWK81QS9013WeL63/evUih/wHsQSY6Lec0krw+iuv57v6wDAQxA61poVw=="
    }
  }
}
