{
  "name": "@neomasterr/component-element",
  "version": "1.0.7",
  "lockfileVersion": 2,
  "requires": true,
  "packages": {
    "": {
      "name": "@neomasterr/component-element",
      "version": "1.0.7",
      "license": "MIT",
      "dependencies": {
        "@neomasterr/event-emitter": "^1.1.4"
      }
    },
    "node_modules/@neomasterr/event-emitter": {
      "version": "1.1.4",
      "resolved": "https://registry.npmjs.org/@neomasterr/event-emitter/-/event-emitter-1.1.4.tgz",
      "integrity": "sha512-b1sc1oEFEq+jH32i+YzOgNNZ/k+tyMHch58CsSoont1HBmv/tie3ugz/TQq/Bf6Qi4rq9R1Cg5Z+h48m92Fkkg=="
    }
  },
  "dependencies": {
    "@neomasterr/event-emitter": {
      "version": "1.1.4",
      "resolved": "https://registry.npmjs.org/@neomasterr/event-emitter/-/event-emitter-1.1.4.tgz",
      "integrity": "sha512-b1sc1oEFEq+jH32i+YzOgNNZ/k+tyMHch58CsSoont1HBmv/tie3ugz/TQq/Bf6Qi4rq9R1Cg5Z+h48m92Fkkg=="
    }
  }
}
