{
  "name": "@neomasterr/component-element",
  "version": "1.0.0",
  "lockfileVersion": 2,
  "requires": true,
  "packages": {
    "": {
      "name": "@neomasterr/component-element",
      "version": "1.0.0",
      "license": "MIT",
      "dependencies": {
        "@neomasterr/event-emitter": "^1.1.2"
      }
    },
    "node_modules/@neomasterr/event-emitter": {
      "version": "1.1.2",
      "resolved": "https://registry.npmjs.org/@neomasterr/event-emitter/-/event-emitter-1.1.2.tgz",
      "integrity": "sha512-4FvPpkFSMCumXdTph5wedqqBIOZ4KIj5Ny8PPKQWe5JEJgCXuE1fRsI1kKyjA6GAtdJAI3oDOQuaECY9jCzXlw=="
    }
  },
  "dependencies": {
    "@neomasterr/event-emitter": {
      "version": "1.1.2",
      "resolved": "https://registry.npmjs.org/@neomasterr/event-emitter/-/event-emitter-1.1.2.tgz",
      "integrity": "sha512-4FvPpkFSMCumXdTph5wedqqBIOZ4KIj5Ny8PPKQWe5JEJgCXuE1fRsI1kKyjA6GAtdJAI3oDOQuaECY9jCzXlw=="
    }
  }
}
